
Microsoft Visual Studio Solution File, Format Version 12.00
# Visual Studio Version 16
VisualStudioVersion = 16.0.32630.194
MinimumVisualStudioVersion = 10.0.40219.1
Project("{FAE04EC0-301F-11D3-BF4B-00C04F79EFBC}") = "WFA-NoteApp", "WFA-NoteApp\WFA-NoteApp.csproj", "{B8BBA532-58F9-46B3-960A-17640ED16874}"
EndProject
Global
	GlobalSection(SolutionConfigurationPlatforms) = preSolution
		Debug|Any CPU = Debug|Any CPU
		Release|Any CPU = Release|Any CPU
	EndGlobalSection
	GlobalSection(ProjectConfigurationPlatforms) = postSolution
		{B8BBA532-58F9-46B3-960A-17640ED16874}.Debug|Any CPU.ActiveCfg = Debug|Any CPU
		{B8BBA532-58F9-46B3-960A-17640ED16874}.Debug|Any CPU.Build.0 = Debug|Any CPU
		{B8BBA532-58F9-46B3-960A-17640ED16874}.Release|Any CPU.ActiveCfg = Release|Any CPU
		{B8BBA532-58F9-46B3-960A-17640ED16874}.Release|Any CPU.Build.0 = Release|Any CPU
	EndGlobalSection
	GlobalSection(SolutionProperties) = preSolution
		HideSolutionNode = FALSE
	EndGlobalSection
	GlobalSection(ExtensibilityGlobals) = postSolution
		SolutionGuid = {E177A700-4D90-41AA-BD16-319DCD47E038}
	EndGlobalSection
EndGlobal
